
Microsoft Visual Studio Solution File, Format Version 12.00
# Visual Studio Version 16
VisualStudioVersion = 16.0.30002.166
MinimumVisualStudioVersion = 10.0.40219.1
Project("{9A19103F-16F7-4668-BE54-9A1E7A4F7556}") = "PaymentGateway.Api", "PaymentGateway.Api\PaymentGateway.Api.csproj", "{8BE8B7E9-60C2-4DB0-B44E-D077EE06989A}"
EndProject
Project("{9A19103F-16F7-4668-BE54-9A1E7A4F7556}") = "PaymentGateway.Data", "PaymentGateway.Data\PaymentGateway.Data.csproj", "{C69F1A7E-ACD9-4FE5-825A-DAA661DC2854}"
EndProject
Project("{9A19103F-16F7-4668-BE54-9A1E7A4F7556}") = "PaymentGateway.Domain", "PaymentGateway.Domain\PaymentGateway.Domain.csproj", "{551F576D-0303-4507-B5F9-ABF97F719168}"
EndProject
Global
	GlobalSection(SolutionConfigurationPlatforms) = preSolution
		Debug|Any CPU = Debug|Any CPU
		Release|Any CPU = Release|Any CPU
	EndGlobalSection
	GlobalSection(ProjectConfigurationPlatforms) = postSolution
		{8BE8B7E9-60C2-4DB0-B44E-D077EE06989A}.Debug|Any CPU.ActiveCfg = Debug|Any CPU
		{8BE8B7E9-60C2-4DB0-B44E-D077EE06989A}.Debug|Any CPU.Build.0 = Debug|Any CPU
		{8BE8B7E9-60C2-4DB0-B44E-D077EE06989A}.Release|Any CPU.ActiveCfg = Release|Any CPU
		{8BE8B7E9-60C2-4DB0-B44E-D077EE06989A}.Release|Any CPU.Build.0 = Release|Any CPU
		{C69F1A7E-ACD9-4FE5-825A-DAA661DC2854}.Debug|Any CPU.ActiveCfg = Debug|Any CPU
		{C69F1A7E-ACD9-4FE5-825A-DAA661DC2854}.Debug|Any CPU.Build.0 = Debug|Any CPU
		{C69F1A7E-ACD9-4FE5-825A-DAA661DC2854}.Release|Any CPU.ActiveCfg = Release|Any CPU
		{C69F1A7E-ACD9-4FE5-825A-DAA661DC2854}.Release|Any CPU.Build.0 = Release|Any CPU
		{551F576D-0303-4507-B5F9-ABF97F719168}.Debug|Any CPU.ActiveCfg = Debug|Any CPU
		{551F576D-0303-4507-B5F9-ABF97F719168}.Debug|Any CPU.Build.0 = Debug|Any CPU
		{551F576D-0303-4507-B5F9-ABF97F719168}.Release|Any CPU.ActiveCfg = Release|Any CPU
		{551F576D-0303-4507-B5F9-ABF97F719168}.Release|Any CPU.Build.0 = Release|Any CPU
	EndGlobalSection
	GlobalSection(SolutionProperties) = preSolution
		HideSolutionNode = FALSE
	EndGlobalSection
	GlobalSection(ExtensibilityGlobals) = postSolution
		SolutionGuid = {CE22ACB7-895F-468F-A5B5-0D47F60A5F31}
	EndGlobalSection
EndGlobal
